
Microsoft Visual Studio Solution File, Format Version 12.00
# Visual Studio Version 16
VisualStudioVersion = 16.0.34601.136
MinimumVisualStudioVersion = 10.0.40219.1
Project("{FAE04EC0-301F-11D3-BF4B-00C04F79EFBC}") = "C969_Software2_SpencerSterling_v1", "C969_Software2_SpencerSterling_v1\C969_Software2_SpencerSterling_v1.csproj", "{DCFF7DE2-5AFD-4CA0-A069-D0429F7DE522}"
EndProject
Global
	GlobalSection(SolutionConfigurationPlatforms) = preSolution
		Debug|Any CPU = Debug|Any CPU
		Release|Any CPU = Release|Any CPU
	EndGlobalSection
	GlobalSection(ProjectConfigurationPlatforms) = postSolution
		{DCFF7DE2-5AFD-4CA0-A069-D0429F7DE522}.Debug|Any CPU.ActiveCfg = Debug|Any CPU
		{DCFF7DE2-5AFD-4CA0-A069-D0429F7DE522}.Debug|Any CPU.Build.0 = Debug|Any CPU
		{DCFF7DE2-5AFD-4CA0-A069-D0429F7DE522}.Release|Any CPU.ActiveCfg = Release|Any CPU
		{DCFF7DE2-5AFD-4CA0-A069-D0429F7DE522}.Release|Any CPU.Build.0 = Release|Any CPU
	EndGlobalSection
	GlobalSection(SolutionProperties) = preSolution
		HideSolutionNode = FALSE
	EndGlobalSection
	GlobalSection(ExtensibilityGlobals) = postSolution
		SolutionGuid = {38A4C4ED-7649-42C9-AE93-5F8F6C1DEE98}
	EndGlobalSection
EndGlobal
